
Microsoft Visual Studio Solution File, Format Version 12.00
# Visual Studio Version 17
VisualStudioVersion = 17.0.31903.59
MinimumVisualStudioVersion = 10.0.40219.1
Project("{FAE04EC0-301F-11D3-BF4B-00C04F79EFBC}") = "SimpleService", "SimpleService\SimpleService.csproj", "{649F310C-6E25-46C0-8E22-5C470F79FB32}"
EndProject
Project("{FAE04EC0-301F-11D3-BF4B-00C04F79EFBC}") = "SimpleService.UnitTests", "SimpleService.UnitTests\SimpleService.UnitTests.csproj", "{79071191-3953-444A-BC7C-40201081030B}"
EndProject
Global
	GlobalSection(SolutionConfigurationPlatforms) = preSolution
		Debug|Any CPU = Debug|Any CPU
		Release|Any CPU = Release|Any CPU
	EndGlobalSection
	GlobalSection(SolutionProperties) = preSolution
		HideSolutionNode = FALSE
	EndGlobalSection
	GlobalSection(ProjectConfigurationPlatforms) = postSolution
		{649F310C-6E25-46C0-8E22-5C470F79FB32}.Debug|Any CPU.ActiveCfg = Debug|Any CPU
		{649F310C-6E25-46C0-8E22-5C470F79FB32}.Debug|Any CPU.Build.0 = Debug|Any CPU
		{649F310C-6E25-46C0-8E22-5C470F79FB32}.Release|Any CPU.ActiveCfg = Release|Any CPU
		{649F310C-6E25-46C0-8E22-5C470F79FB32}.Release|Any CPU.Build.0 = Release|Any CPU
		{79071191-3953-444A-BC7C-40201081030B}.Debug|Any CPU.ActiveCfg = Debug|Any CPU
		{79071191-3953-444A-BC7C-40201081030B}.Debug|Any CPU.Build.0 = Debug|Any CPU
		{79071191-3953-444A-BC7C-40201081030B}.Release|Any CPU.ActiveCfg = Release|Any CPU
		{79071191-3953-444A-BC7C-40201081030B}.Release|Any CPU.Build.0 = Release|Any CPU
	EndGlobalSection
EndGlobal
